{
  "name": "TrayCustomize",
  "version": "1.0.0",
  "lockfileVersion": 3,
  "requires": true,
  "packages": {
    "": {
      "dependencies": {
        "clipper-lib": "^6.4.2"
      }
    },
    "node_modules/clipper-lib": {
      "version": "6.4.2",
      "resolved": "https://registry.npmjs.org/clipper-lib/-/clipper-lib-6.4.2.tgz",
      "integrity": "sha512-knglhjQX5ihNj/XCIs6zCHrTemdvHY3LPZP9XB2nq2/3igyYMFueFXtfp84baJvEE+f8pO1ZS4UVeEgmLnAprQ==",
      "license": "BSL"
    }
  }
}
